{
  "requires": true,
  "lockfileVersion": 1,
  "dependencies": {
    "hyphenopoly": {
      "version": "4.11.0",
      "resolved": "https://registry.npmjs.org/hyphenopoly/-/hyphenopoly-4.11.0.tgz",
      "integrity": "sha512-6EK0l/Z35K+Y1q/2lmcLVfI5iXaMpHuz1x10U7BerezlKaEd3O69mIVQAPIEuvd6ewu9v63uhsnPivATxJQ1OA=="
    }
  }
}
